Microsoft Visual Studio Solution File, Format Version 11.00
# Visual Studio 2008

Project("{398D3634-8E0B-4398-949D-8BA119339943}") = "Skeleboarder-2", "Assembly-CSharp.csproj", "{8106BB51-B8EA-62D7-7FA0-699D8DBEFF46}"
EndProject
Project("{398D3634-8E0B-4398-949D-8BA119339943}") = "Skeleboarder-2", "Assembly-CSharp-Editor.csproj", "{E662DFD3-F57E-F3F6-EDD0-5F04B308D696}"
EndProject
Global
	GlobalSection(SolutionConfigurationPlatforms) = preSolution
		Debug|Any CPU = Debug|Any CPU
		Release|Any CPU = Release|Any CPU
	EndGlobalSection
	GlobalSection(ProjectConfigurationPlatforms) = postSolution
		{8106BB51-B8EA-62D7-7FA0-699D8DBEFF46}.Debug|Any CPU.ActiveCfg = Debug|Any CPU
		{8106BB51-B8EA-62D7-7FA0-699D8DBEFF46}.Debug|Any CPU.Build.0 = Debug|Any CPU
		{8106BB51-B8EA-62D7-7FA0-699D8DBEFF46}.Release|Any CPU.ActiveCfg = Release|Any CPU
		{8106BB51-B8EA-62D7-7FA0-699D8DBEFF46}.Release|Any CPU.Build.0 = Release|Any CPU
		{E662DFD3-F57E-F3F6-EDD0-5F04B308D696}.Debug|Any CPU.ActiveCfg = Debug|Any CPU
		{E662DFD3-F57E-F3F6-EDD0-5F04B308D696}.Debug|Any CPU.Build.0 = Debug|Any CPU
		{E662DFD3-F57E-F3F6-EDD0-5F04B308D696}.Release|Any CPU.ActiveCfg = Release|Any CPU
		{E662DFD3-F57E-F3F6-EDD0-5F04B308D696}.Release|Any CPU.Build.0 = Release|Any CPU
	EndGlobalSection
	GlobalSection(SolutionProperties) = preSolution
		HideSolutionNode = FALSE
	EndGlobalSection
										GlobalSection(MonoDevelopProperties) = preSolution
		StartupItem = Assembly-CSharp.csproj
		Policies = $0
		$0.TextStylePolicy = $1
		$1.inheritsSet = null
		$1.scope = text/x-csharp
		$0.CSharpFormattingPolicy = $2
		$2.inheritsSet = Mono
		$2.inheritsScope = text/x-csharp
		$2.scope = text/x-csharp
		$0.TextStylePolicy = $3
		$3.FileWidth = 120
		$3.TabWidth = 4
		$3.EolMarker = Unix
		$3.inheritsSet = Mono
		$3.inheritsScope = text/plain
		$3.scope = text/plain
	EndGlobalSection

EndGlobal
